// !$*UTF8*$!
{
	archiveVersion = 1;
	classes = {
	};
	objectVersion = 46;
	objects = {

/* Begin PBXBuildFile section */
		C91FBFC71B4B882B008C5F7E /* AppDelegate.swift in Sources */ = {isa = PBXBuildFile; fileRef = C91FBFC61B4B882B008C5F7E /* AppDelegate.swift */; };
		C91FBFC91B4B882B008C5F7E /* ViewController.swift in Sources */ = {isa = PBXBuildFile; fileRef = C91FBFC81B4B882B008C5F7E /* ViewController.swift */; };
		C91FBFCC1B4B882B008C5F7E /* Main.storyboard in Resources */ = {isa = PBXBuildFile; fileRef = C91FBFCA1B4B882B008C5F7E /* Main.storyboard */; };
		C91FBFCE1B4B882B008C5F7E /* Images.xcassets in Resources */ = {isa = PBXBuildFile; fileRef = C91FBFCD1B4B882B008C5F7E /* Images.xcassets */; };
		C91FBFD11B4B882B008C5F7E /* LaunchScreen.xib in Resources */ = {isa = PBXBuildFile; fileRef = C91FBFCF1B4B882B008C5F7E /* LaunchScreen.xib */; };
		C91FBFDD1B4B882B008C5F7E /* ProjectWithDependenciesTests.swift in Sources */ = {isa = PBXBuildFile; fileRef = C91FBFDC1B4B882B008C5F7E /* ProjectWithDependenciesTests.swift */; };
/* End PBXBuildFile section */

/* Begin PBXContainerItemProxy section */
		C91FBFD71B4B882B008C5F7E /* PBXContainerItemProxy */ = {
			isa = PBXContainerItemProxy;
			containerPortal = C91FBFB91B4B882B008C5F7E /* Project object */;
			proxyType = 1;
			remoteGlobalIDString = C91FBFC01B4B882B008C5F7E;
			remoteInfo = ProjectWithDependencies;
		};
/* End PBXContainerItemProxy section */

/* Begin PBXFileReference section */
		C91FBFC11B4B882B008C5F7E /* ProjectWithDependencies.app */ = {isa = PBXFileReference; explicitFileType = wrapper.application; includeInIndex = 0; path = ProjectWithDependencies.app; sourceTree = BUILT_PRODUCTS_DIR; };
		C91FBFC51B4B882B008C5F7E /* Info.plist */ = {isa = PBXFileReference; lastKnownFileType = text.plist.xml; path = Info.plist; sourceTree = "<group>"; };
		C91FBFC61B4B882B008C5F7E /* AppDelegate.swift */ = {isa = PBXFileReference; lastKnownFileType = sourcecode.swift; path = AppDelegate.swift; sourceTree = "<group>"; };
		C91FBFC81B4B882B008C5F7E /* ViewController.swift */ = {isa = PBXFileReference; lastKnownFileType = sourcecode.swift; path = ViewController.swift; sourceTree = "<group>"; };
		C91FBFCB1B4B882B008C5F7E /* Base */ = {isa = PBXFileReference; lastKnownFileType = file.storyboard; name = Base; path = Base.lproj/Main.storyboard; sourceTree = "<group>"; };
		C91FBFCD1B4B882B008C5F7E /* Images.xcassets */ = {isa = PBXFileReference; lastKnownFileType = folder.assetcatalog; path = Images.xcassets; sourceTree = "<group>"; };
		C91FBFD01B4B882B008C5F7E /* Base */ = {isa = PBXFileReference; lastKnownFileType = file.xib; name = Base; path = Base.lproj/LaunchScreen.xib; sourceTree = "<group>"; };
		C91FBFD61B4B882B008C5F7E /* ProjectWithDependenciesTests.xctest */ = {isa = PBXFileReference; explicitFileType = wrapper.cfbundle; includeInIndex = 0; path = ProjectWithDependenciesTests.xctest; sourceTree = BUILT_PRODUCTS_DIR; };
		C91FBFDB1B4B882B008C5F7E /* Info.plist */ = {isa = PBXFileReference; lastKnownFileType = text.plist.xml; path = Info.plist; sourceTree = "<group>"; };
		C91FBFDC1B4B882B008C5F7E /* ProjectWithDependenciesTests.swift */ = {isa = PBXFileReference; lastKnownFileType = sourcecode.swift; path = ProjectWithDependenciesTests.swift; sourceTree = "<group>"; };
/* End PBXFileReference section */

/* Begin PBXFrameworksBuildPhase section */
		C91FBFBE1B4B882B008C5F7E /* Frameworks */ = {
			isa = PBXFrameworksBuildPhase;
			buildActionMask = 2147483647;
			files = (
			);
			runOnlyForDeploymentPostprocessing = 0;
		};
		C91FBFD31B4B882B008C5F7E /* Frameworks */ = {
			isa = PBXFrameworksBuildPhase;
			buildActionMask = 2147483647;
			files = (
			);
			runOnlyForDeploymentPostprocessing = 0;
		};
/* End PBXFrameworksBuildPhase section */

/* Begin PBXGroup section */
		C91FBFB81B4B882B008C5F7E = {
			isa = PBXGroup;
			children = (
				C91FBFC31B4B882B008C5F7E /* ProjectWithDependencies */,
				C91FBFD91B4B882B008C5F7E /* ProjectWithDependenciesTests */,
				C91FBFC21B4B882B008C5F7E /* Products */,
			);
			sourceTree = "<group>";
		};
		C91FBFC21B4B882B008C5F7E /* Products */ = {
			isa = PBXGroup;
			children = (
				C91FBFC11B4B882B008C5F7E /* ProjectWithDependencies.app */,
				C91FBFD61B4B882B008C5F7E /* ProjectWithDependenciesTests.xctest */,
			);
			name = Products;
			sourceTree = "<group>";
		};
		C91FBFC31B4B882B008C5F7E /* ProjectWithDependencies */ = {
			isa = PBXGroup;
			children = (
				C91FBFC61B4B882B008C5F7E /* AppDelegate.swift */,
				C91FBFC81B4B882B008C5F7E /* ViewController.swift */,
				C91FBFCA1B4B882B008C5F7E /* Main.storyboard */,
				C91FBFCD1B4B882B008C5F7E /* Images.xcassets */,
				C91FBFCF1B4B882B008C5F7E /* LaunchScreen.xib */,
				C91FBFC41B4B882B008C5F7E /* Supporting Files */,
			);
			path = ProjectWithDependencies;
			sourceTree = "<group>";
		};
		C91FBFC41B4B882B008C5F7E /* Supporting Files */ = {
			isa = PBXGroup;
			children = (
				C91FBFC51B4B882B008C5F7E /* Info.plist */,
			);
			name = "Supporting Files";
			sourceTree = "<group>";
		};
		C91FBFD91B4B882B008C5F7E /* ProjectWithDependenciesTests */ = {
			isa = PBXGroup;
			children = (
				C91FBFDC1B4B882B008C5F7E /* ProjectWithDependenciesTests.swift */,
				C91FBFDA1B4B882B008C5F7E /* Supporting Files */,
			);
			path = ProjectWithDependenciesTests;
			sourceTree = "<group>";
		};
		C91FBFDA1B4B882B008C5F7E /* Supporting Files */ = {
			isa = PBXGroup;
			children = (
				C91FBFDB1B4B882B008C5F7E /* Info.plist */,
			);
			name = "Supporting Files";
			sourceTree = "<group>";
		};
/* End PBXGroup section */

/* Begin PBXNativeTarget section */
		C91FBFC01B4B882B008C5F7E /* ProjectWithDependencies */ = {
			isa = PBXNativeTarget;
			buildConfigurationList = C91FBFE01B4B882B008C5F7E /* Build configuration list for PBXNativeTarget "ProjectWithDependencies" */;
			buildPhases = (
				C91FBFBD1B4B882B008C5F7E /* Sources */,
				C91FBFBE1B4B882B008C5F7E /* Frameworks */,
				C91FBFBF1B4B882B008C5F7E /* Resources */,
			);
			buildRules = (
			);
			dependencies = (
			);
			name = ProjectWithDependencies;
			productName = ProjectWithDependencies;
			productReference = C91FBFC11B4B882B008C5F7E /* ProjectWithDependencies.app */;
			productType = "com.apple.product-type.application";
		};
		C91FBFD51B4B882B008C5F7E /* ProjectWithDependenciesTests */ = {
			isa = PBXNativeTarget;
			buildConfigurationList = C91FBFE31B4B882B008C5F7E /* Build configuration list for PBXNativeTarget "ProjectWithDependenciesTests" */;
			buildPhases = (
				C91FBFD21B4B882B008C5F7E /* Sources */,
				C91FBFD31B4B882B008C5F7E /* Frameworks */,
				C91FBFD41B4B882B008C5F7E /* Resources */,
			);
			buildRules = (
			);
			dependencies = (
				C91FBFD81B4B882B008C5F7E /* PBXTargetDependency */,
			);
			name = ProjectWithDependenciesTests;
			productName = ProjectWithDependenciesTests;
			productReference = C91FBFD61B4B882B008C5F7E /* ProjectWithDependenciesTests.xctest */;
			productType = "com.apple.product-type.bundle.unit-test";
		};
/* End PBXNativeTarget section */

/* Begin PBXProject section */
		C91FBFB91B4B882B008C5F7E /* Project object */ = {
			isa = PBXProject;
			attributes = {
				LastUpgradeCheck = 0630;
				ORGANIZATIONNAME = Cantrip;
				TargetAttributes = {
					C91FBFC01B4B882B008C5F7E = {
						CreatedOnToolsVersion = 6.3.2;
					};
					C91FBFD51B4B882B008C5F7E = {
						CreatedOnToolsVersion = 6.3.2;
						TestTargetID = C91FBFC01B4B882B008C5F7E;
					};
				};
			};
			buildConfigurationList = C91FBFBC1B4B882B008C5F7E /* Build configuration list for PBXProject "ProjectWithDependencies" */;
			compatibilityVersion = "Xcode 3.2";
			developmentRegion = English;
			hasScannedForEncodings = 0;
			knownRegions = (
				en,
				Base,
			);
			mainGroup = C91FBFB81B4B882B008C5F7E;
			productRefGroup = C91FBFC21B4B882B008C5F7E /* Products */;
			projectDirPath = "";
			projectRoot = "";
			targets = (
				C91FBFC01B4B882B008C5F7E /* ProjectWithDependencies */,
				C91FBFD51B4B882B008C5F7E /* ProjectWithDependenciesTests */,
			);
		};
/* End PBXProject section */

/* Begin PBXResourcesBuildPhase section */
		C91FBFBF1B4B882B008C5F7E /* Resources */ = {
			isa = PBXResourcesBuildPhase;
			buildActionMask = 2147483647;
			files = (
				C91FBFCC1B4B882B008C5F7E /* Main.storyboard in Resources */,
				C91FBFD11B4B882B008C5F7E /* LaunchScreen.xib in Resources */,
				C91FBFCE1B4B882B008C5F7E /* Images.xcassets in Resources */,
			);
			runOnlyForDeploymentPostprocessing = 0;
		};
		C91FBFD41B4B882B008C5F7E /* Resources */ = {
			isa = PBXResourcesBuildPhase;
			buildActionMask = 2147483647;
			files = (
			);
			runOnlyForDeploymentPostprocessing = 0;
		};
/* End PBXResourcesBuildPhase section */

/* Begin PBXSourcesBuildPhase section */
		C91FBFBD1B4B882B008C5F7E /* Sources */ = {
			isa = PBXSourcesBuildPhase;
			buildActionMask = 2147483647;
			files = (
				C91FBFC91B4B882B008C5F7E /* ViewController.swift in Sources */,
				C91FBFC71B4B882B008C5F7E /* AppDelegate.swift in Sources */,
			);
			runOnlyForDeploymentPostprocessing = 0;
		};
		C91FBFD21B4B882B008C5F7E /* Sources */ = {
			isa = PBXSourcesBuildPhase;
			buildActionMask = 2147483647;
			files = (
				C91FBFDD1B4B882B008C5F7E /* ProjectWithDependenciesTests.swift in Sources */,
			);
			runOnlyForDeploymentPostprocessing = 0;
		};
/* End PBXSourcesBuildPhase section */

/* Begin PBXTargetDependency section */
		C91FBFD81B4B882B008C5F7E /* PBXTargetDependency */ = {
			isa = PBXTargetDependency;
			target = C91FBFC01B4B882B008C5F7E /* ProjectWithDependencies */;
			targetProxy = C91FBFD71B4B882B008C5F7E /* PBXContainerItemProxy */;
		};
/* End PBXTargetDependency section */

/* Begin PBXVariantGroup section */
		C91FBFCA1B4B882B008C5F7E /* Main.storyboard */ = {
			isa = PBXVariantGroup;
			children = (
				C91FBFCB1B4B882B008C5F7E /* Base */,
			);
			name = Main.storyboard;
			sourceTree = "<group>";
		};
		C91FBFCF1B4B882B008C5F7E /* LaunchScreen.xib */ = {
			isa = PBXVariantGroup;
			children = (
				C91FBFD01B4B882B008C5F7E /* Base */,
			);
			name = LaunchScreen.xib;
			sourceTree = "<group>";
		};
/* End PBXVariantGroup section */

/* Begin XCBuildConfiguration section */
		C91FBFDE1B4B882B008C5F7E /* Debug */ = {
			isa = XCBuildConfiguration;
			buildSettings = {
				ALWAYS_SEARCH_USER_PATHS = NO;
				CLANG_CXX_LANGUAGE_STANDARD = "gnu++0x";
				CLANG_CXX_LIBRARY = "libc++";
				CLANG_ENABLE_MODULES = YES;
				CLANG_ENABLE_OBJC_ARC = YES;
				CLANG_WARN_BOOL_CONVERSION = YES;
				CLANG_WARN_CONSTANT_CONVERSION = YES;
				CLANG_WARN_DIRECT_OBJC_ISA_USAGE = YES_ERROR;
				CLANG_WARN_EMPTY_BODY = YES;
				CLANG_WARN_ENUM_CONVERSION = YES;
				CLANG_WARN_INT_CONVERSION = YES;
				CLANG_WARN_OBJC_ROOT_CLASS = YES_ERROR;
				CLANG_WARN_UNREACHABLE_CODE = YES;
				CLANG_WARN__DUPLICATE_METHOD_MATCH = YES;
				"CODE_SIGN_IDENTITY[sdk=iphoneos*]" = "iPhone Developer";
				COPY_PHASE_STRIP = NO;
				DEBUG_INFORMATION_FORMAT = "dwarf-with-dsym";
				ENABLE_STRICT_OBJC_MSGSEND = YES;
				GCC_C_LANGUAGE_STANDARD = gnu99;
				GCC_DYNAMIC_NO_PIC = NO;
				GCC_NO_COMMON_BLOCKS = YES;
				GCC_OPTIMIZATION_LEVEL = 0;
				GCC_PREPROCESSOR_DEFINITIONS = (
					"DEBUG=1",
					"$(inherited)",
				);
				GCC_SYMBOLS_PRIVATE_EXTERN = NO;
				GCC_WARN_64_TO_32_BIT_CONVERSION = YES;
				GCC_WARN_ABOUT_RETURN_TYPE = YES_ERROR;
				GCC_WARN_UNDECLARED_SELECTOR = YES;
				GCC_WARN_UNINITIALIZED_AUTOS = YES_AGGRESSIVE;
				GCC_WARN_UNUSED_FUNCTION = YES;
				GCC_WARN_UNUSED_VARIABLE = YES;
				IPHONEOS_DEPLOYMENT_TARGET = 8.3;
				MTL_ENABLE_DEBUG_INFO = YES;
				ONLY_ACTIVE_ARCH = YES;
				SDKROOT = iphoneos;
				SWIFT_OPTIMIZATION_LEVEL = "-Onone";
			};
			name = Debug;
		};
		C91FBFDF1B4B882B008C5F7E /* Release */ = {
			isa = XCBuildConfiguration;
			buildSettings = {
				ALWAYS_SEARCH_USER_PATHS = NO;
				CLANG_CXX_LANGUAGE_STANDARD = "gnu++0x";
				CLANG_CXX_LIBRARY = "libc++";
				CLANG_ENABLE_MODULES = YES;
				CLANG_ENABLE_OBJC_ARC = YES;
				CLANG_WARN_BOOL_CONVERSION = YES;
				CLANG_WARN_CONSTANT_CONVERSION = YES;
				CLANG_WARN_DIRECT_OBJC_ISA_USAGE = YES_ERROR;
				CLANG_WARN_EMPTY_BODY = YES;
				CLANG_WARN_ENUM_CONVERSION = YES;
				CLANG_WARN_INT_CONVERSION = YES;
				CLANG_WARN_OBJC_ROOT_CLASS = YES_ERROR;
				CLANG_WARN_UNREACHABLE_CODE = YES;
				CLANG_WARN__DUPLICATE_METHOD_MATCH = YES;
				"CODE_SIGN_IDENTITY[sdk=iphoneos*]" = "iPhone Developer";
				COPY_PHASE_STRIP = NO;
				DEBUG_INFORMATION_FORMAT = "dwarf-with-dsym";
				ENABLE_NS_ASSERTIONS = NO;
				ENABLE_STRICT_OBJC_MSGSEND = YES;
				GCC_C_LANGUAGE_STANDARD = gnu99;
				GCC_NO_COMMON_BLOCKS = YES;
				GCC_WARN_64_TO_32_BIT_CONVERSION = YES;
				GCC_WARN_ABOUT_RETURN_TYPE = YES_ERROR;
				GCC_WARN_UNDECLARED_SELECTOR = YES;
				GCC_WARN_UNINITIALIZED_AUTOS = YES_AGGRESSIVE;
				GCC_WARN_UNUSED_FUNCTION = YES;
				GCC_WARN_UNUSED_VARIABLE = YES;
				IPHONEOS_DEPLOYMENT_TARGET = 8.3;
				MTL_ENABLE_DEBUG_INFO = NO;
				SDKROOT = iphoneos;
				VALIDATE_PRODUCT = YES;
			};
			name = Release;
		};
		C91FBFE11B4B882B008C5F7E /* Debug */ = {
			isa = XCBuildConfiguration;
			buildSettings = {
				ASSETCATALOG_COMPILER_APPICON_NAME = AppIcon;
				INFOPLIST_FILE = ProjectWithDependencies/Info.plist;
				LD_RUNPATH_SEARCH_PATHS = "$(inherited) @executable_path/Frameworks";
				PRODUCT_NAME = "$(TARGET_NAME)";
			};
			name = Debug;
		};
		C91FBFE21B4B882B008C5F7E /* Release */ = {
			isa = XCBuildConfiguration;
			buildSettings = {
				ASSETCATALOG_COMPILER_APPICON_NAME = AppIcon;
				INFOPLIST_FILE = ProjectWithDependencies/Info.plist;
				LD_RUNPATH_SEARCH_PATHS = "$(inherited) @executable_path/Frameworks";
				PRODUCT_NAME = "$(TARGET_NAME)";
			};
			name = Release;
		};
		C91FBFE41B4B882B008C5F7E /* Debug */ = {
			isa = XCBuildConfiguration;
			buildSettings = {
				BUNDLE_LOADER = "$(TEST_HOST)";
				FRAMEWORK_SEARCH_PATHS = (
					"$(SDKROOT)/Developer/Library/Frameworks",
					"$(inherited)",
				);
				GCC_PREPROCESSOR_DEFINITIONS = (
					"DEBUG=1",
					"$(inherited)",
				);
				INFOPLIST_FILE = ProjectWithDependenciesTests/Info.plist;
				LD_RUNPATH_SEARCH_PATHS = "$(inherited) @executable_path/Frameworks @loader_path/Frameworks";
				PRODUCT_NAME = "$(TARGET_NAME)";
				TEST_HOST = "$(BUILT_PRODUCTS_DIR)/ProjectWithDependencies.app/ProjectWithDependencies";
			};
			name = Debug;
		};
		C91FBFE51B4B882B008C5F7E /* Release */ = {
			isa = XCBuildConfiguration;
			buildSettings = {
				BUNDLE_LOADER = "$(TEST_HOST)";
				FRAMEWORK_SEARCH_PATHS = (
					"$(SDKROOT)/Developer/Library/Frameworks",
					"$(inherited)",
				);
				INFOPLIST_FILE = ProjectWithDependenciesTests/Info.plist;
				LD_RUNPATH_SEARCH_PATHS = "$(inherited) @executable_path/Frameworks @loader_path/Frameworks";
				PRODUCT_NAME = "$(TARGET_NAME)";
				TEST_HOST = "$(BUILT_PRODUCTS_DIR)/ProjectWithDependencies.app/ProjectWithDependencies";
			};
			name = Release;
		};
/* End XCBuildConfiguration section */

/* Begin XCConfigurationList section */
		C91FBFBC1B4B882B008C5F7E /* Build configuration list for PBXProject "ProjectWithDependencies" */ = {
			isa = XCConfigurationList;
			buildConfigurations = (
				C91FBFDE1B4B882B008C5F7E /* Debug */,
				C91FBFDF1B4B882B008C5F7E /* Release */,
			);
			defaultConfigurationIsVisible = 0;
			defaultConfigurationName = Release;
		};
		C91FBFE01B4B882B008C5F7E /* Build configuration list for PBXNativeTarget "ProjectWithDependencies" */ = {
			isa = XCConfigurationList;
			buildConfigurations = (
				C91FBFE11B4B882B008C5F7E /* Debug */,
				C91FBFE21B4B882B008C5F7E /* Release */,
			);
			defaultConfigurationIsVisible = 0;
		};
		C91FBFE31B4B882B008C5F7E /* Build configuration list for PBXNativeTarget "ProjectWithDependenciesTests" */ = {
			isa = XCConfigurationList;
			buildConfigurations = (
				C91FBFE41B4B882B008C5F7E /* Debug */,
				C91FBFE51B4B882B008C5F7E /* Release */,
			);
			defaultConfigurationIsVisible = 0;
		};
/* End XCConfigurationList section */
	};
	rootObject = C91FBFB91B4B882B008C5F7E /* Project object */;
}
